
Microsoft Visual Studio Solution File, Format Version 12.00
# Visual Studio Version 17
VisualStudioVersion = 17.6.33712.159
MinimumVisualStudioVersion = 10.0.40219.1
Project("{FAE04EC0-301F-11D3-BF4B-00C04F79EFBC}") = "SistemaApiWebDenuncias_cl3_Maribel", "SistemaApiWebDenuncias_cl3_Maribel\SistemaApiWebDenuncias_cl3_Maribel.csproj", "{01FBA506-53D5-4FF1-B8E1-E3743BADC1F0}"
EndProject
Global
	GlobalSection(SolutionConfigurationPlatforms) = preSolution
		Debug|Any CPU = Debug|Any CPU
		Release|Any CPU = Release|Any CPU
	EndGlobalSection
	GlobalSection(ProjectConfigurationPlatforms) = postSolution
		{01FBA506-53D5-4FF1-B8E1-E3743BADC1F0}.Debug|Any CPU.ActiveCfg = Debug|Any CPU
		{01FBA506-53D5-4FF1-B8E1-E3743BADC1F0}.Debug|Any CPU.Build.0 = Debug|Any CPU
		{01FBA506-53D5-4FF1-B8E1-E3743BADC1F0}.Release|Any CPU.ActiveCfg = Release|Any CPU
		{01FBA506-53D5-4FF1-B8E1-E3743BADC1F0}.Release|Any CPU.Build.0 = Release|Any CPU
	EndGlobalSection
	GlobalSection(SolutionProperties) = preSolution
		HideSolutionNode = FALSE
	EndGlobalSection
	GlobalSection(ExtensibilityGlobals) = postSolution
		SolutionGuid = {B75DD02E-8560-4206-999A-372C7F06D6F6}
	EndGlobalSection
EndGlobal
